
Microsoft Visual Studio Solution File, Format Version 12.00
# Visual Studio Version 16
VisualStudioVersion = 16.0.31025.194
MinimumVisualStudioVersion = 10.0.40219.1
Project("{FAE04EC0-301F-11D3-BF4B-00C04F79EFBC}") = "Ex04.Menus.Delegates", "Ex04.Menus.Delegates\Ex04.Menus.Delegates.csproj", "{9350CB25-CC33-42F0-976D-D2C8A57A3CD2}"
EndProject
Project("{FAE04EC0-301F-11D3-BF4B-00C04F79EFBC}") = "Ex04.Menus.Interfaces", "Ex04.Menus.Interfaces\Ex04.Menus.Interfaces.csproj", "{582B8E70-F030-4071-AD22-09F8FAAED068}"
EndProject
Project("{FAE04EC0-301F-11D3-BF4B-00C04F79EFBC}") = "Ex04.Menus.Test", "Ex04.Menus.Test\Ex04.Menus.Test.csproj", "{BF83FC8D-68C6-4FEE-B44D-23C7D6217590}"
EndProject
Project("{2150E333-8FDC-42A3-9474-1A3956D46DE8}") = "Solution Items", "Solution Items", "{154B6BD5-BE70-4356-A16F-2F228AB1218D}"
	ProjectSection(SolutionItems) = preProject
		Ex04_Report.txt = Ex04_Report.txt
	EndProjectSection
EndProject
Global
	GlobalSection(SolutionConfigurationPlatforms) = preSolution
		Debug|Any CPU = Debug|Any CPU
		Release|Any CPU = Release|Any CPU
	EndGlobalSection
	GlobalSection(ProjectConfigurationPlatforms) = postSolution
		{9350CB25-CC33-42F0-976D-D2C8A57A3CD2}.Debug|Any CPU.ActiveCfg = Debug|Any CPU
		{9350CB25-CC33-42F0-976D-D2C8A57A3CD2}.Debug|Any CPU.Build.0 = Debug|Any CPU
		{9350CB25-CC33-42F0-976D-D2C8A57A3CD2}.Release|Any CPU.ActiveCfg = Release|Any CPU
		{9350CB25-CC33-42F0-976D-D2C8A57A3CD2}.Release|Any CPU.Build.0 = Release|Any CPU
		{582B8E70-F030-4071-AD22-09F8FAAED068}.Debug|Any CPU.ActiveCfg = Debug|Any CPU
		{582B8E70-F030-4071-AD22-09F8FAAED068}.Debug|Any CPU.Build.0 = Debug|Any CPU
		{582B8E70-F030-4071-AD22-09F8FAAED068}.Release|Any CPU.ActiveCfg = Release|Any CPU
		{582B8E70-F030-4071-AD22-09F8FAAED068}.Release|Any CPU.Build.0 = Release|Any CPU
		{BF83FC8D-68C6-4FEE-B44D-23C7D6217590}.Debug|Any CPU.ActiveCfg = Debug|Any CPU
		{BF83FC8D-68C6-4FEE-B44D-23C7D6217590}.Debug|Any CPU.Build.0 = Debug|Any CPU
		{BF83FC8D-68C6-4FEE-B44D-23C7D6217590}.Release|Any CPU.ActiveCfg = Release|Any CPU
		{BF83FC8D-68C6-4FEE-B44D-23C7D6217590}.Release|Any CPU.Build.0 = Release|Any CPU
	EndGlobalSection
	GlobalSection(SolutionProperties) = preSolution
		HideSolutionNode = FALSE
	EndGlobalSection
	GlobalSection(ExtensibilityGlobals) = postSolution
		SolutionGuid = {E61A6FEF-6EE8-4806-A411-94F5D045F9B4}
	EndGlobalSection
EndGlobal
